{
  "version": 4,
  "terraform_version": "0.12.29",
  "serial": 3,
  "lineage": "0a66e87c-9261-de3c-f46b-75a51e9307c2",
  "outputs": {},
  "resources": [
    {
      "module": "module.balancer1",
      "mode": "managed",
      "type": "aws_elb",
      "name": "mybalancer",
      "provider": "provider.aws",
      "instances": [
        {
          "schema_version": 0,
          "attributes": {
            "access_logs": [],
            "arn": "arn:aws:elasticloadbalancing:us-east-1:108612583055:loadbalancer/Balancer1",
            "availability_zones": [
              "us-east-1d"
            ],
            "connection_draining": false,
            "connection_draining_timeout": 300,
            "cross_zone_load_balancing": true,
            "dns_name": "Balancer1-1315309535.us-east-1.elb.amazonaws.com",
            "health_check": [
              {
                "healthy_threshold": 10,
                "interval": 30,
                "target": "TCP:80",
                "timeout": 5,
                "unhealthy_threshold": 2
              }
            ],
            "id": "Balancer1",
            "idle_timeout": 60,
            "instances": [],
            "internal": false,
            "listener": [
              {
                "instance_port": 80,
                "instance_protocol": "http",
                "lb_port": 80,
                "lb_protocol": "http",
                "ssl_certificate_id": ""
              }
            ],
            "name": "Balancer1",
            "name_prefix": null,
            "security_groups": [
              "sg-0ac3decf23a9412c2"
            ],
            "source_security_group": "108612583055/For_Balancer",
            "source_security_group_id": "sg-0ac3decf23a9412c2",
            "subnets": [
              "subnet-7af5931d"
            ],
            "tags": null,
            "zone_id": "Z35SXDOTRQ7X7K"
          },
          "private": "bnVsbA==",
          "dependencies": [
            "aws_security_group.ForBalancer"
          ]
        }
      ]
    },
    {
      "mode": "managed",
      "type": "aws_security_group",
      "name": "ForBalancer",
      "provider": "provider.aws",
      "instances": [
        {
          "schema_version": 1,
          "attributes": {
            "arn": "arn:aws:ec2:us-east-1:108612583055:security-group/sg-0ac3decf23a9412c2",
            "description": "A security group that will apply to the balancer",
            "egress": [],
            "id": "sg-0ac3decf23a9412c2",
            "ingress": [
              {
                "cidr_blocks": [
                  "0.0.0.0/0"
                ],
                "description": "",
                "from_port": 80,
                "ipv6_cidr_blocks": [],
                "prefix_list_ids": [],
                "protocol": "tcp",
                "security_groups": [],
                "self": false,
                "to_port": 80
              }
            ],
            "name": "For_Balancer",
            "name_prefix": "",
            "owner_id": "108612583055",
            "revoke_rules_on_delete": false,
            "tags": null,
            "timeouts": null,
            "vpc_id": "vpc-7ea71504"
          },
          "private": "eyJlMmJmYjczMC1lY2FhLTExZTYtOGY4OC0zNDM2M2JjN2M0YzAiOnsiY3JlYXRlIjo2MDAwMDAwMDAwMDAsImRlbGV0ZSI6OTAwMDAwMDAwMDAwfSwic2NoZW1hX3ZlcnNpb24iOiIxIn0="
        }
      ]
    }
  ]
}
